github.com/benbjohnson/clock v0.0.0-20161215174838-7dc76406b6d3 h1:wOysYcIdqv3WnvwqFFzrYCFALPED7qkUGaLXu359GSc=
github.com/benbjohnson/clock v0.0.0-20161215174838-7dc76406b6d3/go.mod h1:UMqtWQTnOe4byzwe7Zhwh8f8s+36uszN51sJrSIZlTE=
github.com/fsnotify/fsnotify v1.4.7 h1:IXs+QLmnXW2CcXuY+8Mzv/fWEsPGWxqefPtCP5CnV9I=
github.com/fsnotify/fsnotify v1.4.7/go.mod h1:jwhsz4b93w/PPRr/qN1Yymfu8t87LnFCMoQvtojpjFo=
github.com/go-gl/gl v0.0.0-20180407155706-68e253793080 h1:pNxZva3052YM+z2p1aP08FgaTE2NzrRJZ5BHJCmKLzE=
github.com/go-gl/gl v0.0.0-20180407155706-68e253793080/go.mod h1:482civXOzJJCPzJ4ZOX/pwvXBWSnzD4OKMdH4ClKGbk=
github.com/go-gl/gl v0.0.0-20181026044259-55b76b7df9d2 h1:78Hza2KHn2PX1jdydQnffaU2A/xM0g3Nx1xmMdep9Gk=
github.com/go-gl/gl v0.0.0-20181026044259-55b76b7df9d2/go.mod h1:482civXOzJJCPzJ4ZOX/pwvXBWSnzD4OKMdH4ClKGbk=
github.com/go-gl/glfw v0.0.0-20180426074136-46a8d530c326 h1:QqWaXlVeUGwSH7hO8giZP2Y06Qjl1LWR+FWC22YQsU8=
github.com/go-gl/glfw v0.0.0-20180426074136-46a8d530c326/go.mod h1:vR7hzQXu2zJy9AVAgeJqvqgH9Q5CA+iKCZ2gyEVpxRU=
github.com/go-gl/glfw v0.0.0-20181213070059-819e8ce5125f h1:7MsFMbSn8Lcw0blK4+NEOf8DuHoOBDhJsHz04yh13pM=
github.com/go-gl/glfw v0.0.0-20181213070059-819e8ce5125f/go.mod h1:vR7hzQXu2zJy9AVAgeJqvqgH9Q5CA+iKCZ2gyEVpxRU=
github.com/gopherjs/gopherjs v0.0.0-20180628210949-0892b62f0d9f h1:FDM3EtwZLyhW48YRiyqjivNlNZjAObv4xt4NnJaU+NQ=
github.com/gopherjs/gopherjs v0.0.0-20180628210949-0892b62f0d9f/go.mod h1:wJfORRmW1u3UXTncJ5qlYoELFm8eSnnEO6hX4iZ3EWY=
github.com/gopherjs/gopherjs v0.0.0-20181103185306-d547d1d9531e h1:JKmoR8x90Iww1ks85zJ1lfDGgIiMDuIptTOhJq+zKyg=
github.com/gopherjs/gopherjs v0.0.0-20181103185306-d547d1d9531e/go.mod h1:wJfORRmW1u3UXTncJ5qlYoELFm8eSnnEO6hX4iZ3EWY=
github.com/goxjs/gl v0.0.0-20171128034433-dc8f4a9a3c9c h1:naEGFd9BJuTM/1m2lP07Bl9O7O6Jqe+bUplBfAwdygg=
github.com/goxjs/gl v0.0.0-20171128034433-dc8f4a9a3c9c/go.mod h1:dy/f2gjY09hwVfIyATps4G2ai7/hLwLkc5TrPqONuXY=
github.com/kisielk/gotool v1.0.0 h1:AV2c/EiW3KqPNT9ZKl07ehoAGi4C5/01Cfbblndcapg=
github.com/kisielk/gotool v1.0.0/go.mod h1:XhKaO+MFFWcvkIS/tQcRk01m1F5IRFswLeQ+oQHNcck=
github.com/neelance/astrewrite v0.0.0-20160511093645-99348263ae86 h1:D6paGObi5Wud7xg83MaEFyjxQB1W5bz5d0IFppr+ymk=
github.com/neelance/astrewrite v0.0.0-20160511093645-99348263ae86/go.mod h1:kHJEU3ofeGjhHklVoIGuVj85JJwZ6kWPaJwCIxgnFmo=
github.com/neelance/sourcemap v0.0.0-20151028013722-8c68805598ab h1:eFXv9Nu1lGbrNbj619aWwZfVF5HBrm9Plte8aNptuTI=
github.com/neelance/sourcemap v0.0.0-20151028013722-8c68805598ab/go.mod h1:Qr6/a/Q4r9LP1IltGz7tA7iOK1WonHEYhu1HRBA7ZiM=
github.com/oskca/gopherjs-canvas v0.0.0-20180117053031-a5c176020cfd h1:yrO7nYWDeX9i0H8uIyRpY26w7eMHpZV+g20adWKxotM=
github.com/oskca/gopherjs-canvas v0.0.0-20180117053031-a5c176020cfd/go.mod h1:/Z5vc38L6AIkCEBy1NufRPAqWm5mptT7ATJnLFopmLM=
github.com/oskca/gopherjs-dom v0.0.0-20170212055251-32ec7beb35cf h1:vaMnm/gjcPLBHugoHDZjqHN+9hUG12oFrAZHVmozAa8=
github.com/oskca/gopherjs-dom v0.0.0-20170212055251-32ec7beb35cf/go.mod h1:tJQa4JiYNw9r34G20HNtmGz/ZAMOiBdnA0RA+IlfAOQ=
github.com/shibukawa/nanovgo v0.0.0-20160822101109-9141d09b3652 h1:7ORiLBcdIPEjwwbbjUpYIvy3Z6syqAhnfY/3m5DSs5M=
github.com/shibukawa/nanovgo v0.0.0-20160822101109-9141d09b3652/go.mod h1:A/HWQKoHKEbx5r+LI6Lns9g6vSROSGw59APgU2Zr+Cc=
github.com/shurcooL/httpfs v0.0.0-20181222201310-74dc9339e414 h1:IYVb70m/qpJGjyZV2S4qbdSDnsMl+w9nsQ2iQedf1HI=
github.com/shurcooL/httpfs v0.0.0-20181222201310-74dc9339e414/go.mod h1:ZY1cvUeJuFPAdZ/B6v7RHavJWZn2YPVFQ1OSXhCGOkg=
github.com/spf13/cobra v0.0.3 h1:ZlrZ4XsMRm04Fr5pSFxBgfND2EBVa1nLpiy1stUsX/8=
github.com/spf13/cobra v0.0.3/go.mod h1:1l0Ry5zgKvJasoi3XT1TypsSe7PqH0Sj9dhYf7v3XqQ=
github.com/spf13/pflag v1.0.3 h1:zPAT6CGy6wXeQ7NtTnaTerfKOsV6V6F8agHXFiazDkg=
github.com/spf13/pflag v1.0.3/go.mod h1:DYY7MBk1bdzusC3SYhjObp+wFpr4gzcvqqNjLnInEg4=
github.com/waybeams/assert v0.0.0-20180524235248-56c0f6379cf9 h1:dBdOLYb8C4ONbl2pulbZiH29bwUHwdA5MGM3SGh6ePs=
github.com/waybeams/assert v0.0.0-20180524235248-56c0f6379cf9/go.mod h1:RqyjqSqgkgGICKrX14ByoZl7YKQg3wfNf3SgBSfjbZo=
github.com/waybeams/examples v0.0.0-20181226201747-181e51df47ee h1:FUJck5NCclEQyQt77dDsUEtSvfwHf27MP0gT8vCAf2U=
github.com/waybeams/examples v0.0.0-20181226201747-181e51df47ee/go.mod h1:lNFXiyZy1YinQN4exq3iVAMWt4uYv8KTuJNmOIpv4Nk=
github.com/waybeams/waybeams v0.0.0-20181226194225-9dae594d99f2/go.mod h1:xIrWv9xp5g7eQae69RMPENrzqNv58QNuaq/Vo3Kr6mk=
golang.org/x/crypto v0.0.0-20181203042331-505ab145d0a9 h1:mKdxBk7AujPs8kU4m80U72y/zjbZ3UcXC7dClwKbUI0=
golang.org/x/crypto v0.0.0-20181203042331-505ab145d0a9/go.mod h1:6SG95UA2DQfeDnfUPMdvaQW0Q7yPrPDi9nlGo2tz2b4=
golang.org/x/sys v0.0.0-20181221143128-b4a75ba826a6 h1:IcgEB62HYgAhX0Nd/QrVgZlxlcyxbGQHElLUhW2X4Fo=
golang.org/x/sys v0.0.0-20181221143128-b4a75ba826a6/go.mod h1:STP8DvDyc/dI5b8T5hshtkjS+E42TnysNCUPdjciGhY=
golang.org/x/tools v0.0.0-20181221235234-d00ac6d27372 h1:zWPUEY/PjVHT+zO3L8OfkjrtIjf55joTxn/RQP/AjOI=
golang.org/x/tools v0.0.0-20181221235234-d00ac6d27372/go.mod h1:n7NCudcB/nEzxVGmLbDWY5pfWTLqBcC2KZ6jyYvM4mQ=
honnef.co/go/js/console v0.0.0-20150119023344-105276c43558 h1:h/U4Bu3p/OB5OvK6+7cXA1oleuDeFzZOTHuwZjMT36A=
honnef.co/go/js/console v0.0.0-20150119023344-105276c43558/go.mod h1:K5NtVTubnQQDVBcHCysv3MwAde+idPmWBeXxpHczwcU=
