github.com/benbjohnson/clock v0.0.0-20161215174838-7dc76406b6d3 h1:wOysYcIdqv3WnvwqFFzrYCFALPED7qkUGaLXu359GSc=
github.com/benbjohnson/clock v0.0.0-20161215174838-7dc76406b6d3/go.mod h1:UMqtWQTnOe4byzwe7Zhwh8f8s+36uszN51sJrSIZlTE=
github.com/go-gl/gl v0.0.0-20180407155706-68e253793080 h1:pNxZva3052YM+z2p1aP08FgaTE2NzrRJZ5BHJCmKLzE=
github.com/go-gl/gl v0.0.0-20180407155706-68e253793080/go.mod h1:482civXOzJJCPzJ4ZOX/pwvXBWSnzD4OKMdH4ClKGbk=
github.com/go-gl/glfw v0.0.0-20180426074136-46a8d530c326 h1:QqWaXlVeUGwSH7hO8giZP2Y06Qjl1LWR+FWC22YQsU8=
github.com/go-gl/glfw v0.0.0-20180426074136-46a8d530c326/go.mod h1:vR7hzQXu2zJy9AVAgeJqvqgH9Q5CA+iKCZ2gyEVpxRU=
github.com/gopherjs/gopherjs v0.0.0-20180628210949-0892b62f0d9f h1:FDM3EtwZLyhW48YRiyqjivNlNZjAObv4xt4NnJaU+NQ=
github.com/gopherjs/gopherjs v0.0.0-20180628210949-0892b62f0d9f/go.mod h1:wJfORRmW1u3UXTncJ5qlYoELFm8eSnnEO6hX4iZ3EWY=
github.com/goxjs/gl v0.0.0-20171128034433-dc8f4a9a3c9c h1:naEGFd9BJuTM/1m2lP07Bl9O7O6Jqe+bUplBfAwdygg=
github.com/goxjs/gl v0.0.0-20171128034433-dc8f4a9a3c9c/go.mod h1:dy/f2gjY09hwVfIyATps4G2ai7/hLwLkc5TrPqONuXY=
github.com/oskca/gopherjs-canvas v0.0.0-20180117053031-a5c176020cfd h1:yrO7nYWDeX9i0H8uIyRpY26w7eMHpZV+g20adWKxotM=
github.com/oskca/gopherjs-canvas v0.0.0-20180117053031-a5c176020cfd/go.mod h1:/Z5vc38L6AIkCEBy1NufRPAqWm5mptT7ATJnLFopmLM=
github.com/oskca/gopherjs-dom v0.0.0-20170212055251-32ec7beb35cf h1:vaMnm/gjcPLBHugoHDZjqHN+9hUG12oFrAZHVmozAa8=
github.com/oskca/gopherjs-dom v0.0.0-20170212055251-32ec7beb35cf/go.mod h1:tJQa4JiYNw9r34G20HNtmGz/ZAMOiBdnA0RA+IlfAOQ=
github.com/shibukawa/nanovgo v0.0.0-20160822101109-9141d09b3652 h1:7ORiLBcdIPEjwwbbjUpYIvy3Z6syqAhnfY/3m5DSs5M=
github.com/shibukawa/nanovgo v0.0.0-20160822101109-9141d09b3652/go.mod h1:A/HWQKoHKEbx5r+LI6Lns9g6vSROSGw59APgU2Zr+Cc=
github.com/waybeams/assert v0.0.0-20180524235248-56c0f6379cf9 h1:dBdOLYb8C4ONbl2pulbZiH29bwUHwdA5MGM3SGh6ePs=
github.com/waybeams/assert v0.0.0-20180524235248-56c0f6379cf9/go.mod h1:RqyjqSqgkgGICKrX14ByoZl7YKQg3wfNf3SgBSfjbZo=
