9fans.net/go v0.0.0-20181112161441-237454027057 h1:OcHlKWkAMJEF1ndWLGxp5dnJQkYM/YImUOvsBoz6h5E=
9fans.net/go v0.0.0-20181112161441-237454027057/go.mod h1:diCsxrliIURU9xsYtjCp5AbpQKqdhKmf0ujWDUSkfoY=
github.com/alecthomas/gometalinter v2.0.12+incompatible h1:RBUbc8pKtqRoVCymENDl7cpWS9Ht5XNnwwk0cKjpteI=
github.com/alecthomas/gometalinter v2.0.12+incompatible/go.mod h1:qfIpQGGz3d+NmgyPBqv+LSh50emm1pt72EtcX2vKYQk=
github.com/alecthomas/units v0.0.0-20151022065526-2efee857e7cf h1:qet1QNfXsQxTZqLG4oE62mJzwPIB8+Tee4RNCL9ulrY=
github.com/alecthomas/units v0.0.0-20151022065526-2efee857e7cf/go.mod h1:ybxpYRFXyAe+OPACYpWeL0wqObRcbAqCMya13uyzqw0=
github.com/benbjohnson/clock v0.0.0-20161215174838-7dc76406b6d3 h1:wOysYcIdqv3WnvwqFFzrYCFALPED7qkUGaLXu359GSc=
github.com/benbjohnson/clock v0.0.0-20161215174838-7dc76406b6d3/go.mod h1:UMqtWQTnOe4byzwe7Zhwh8f8s+36uszN51sJrSIZlTE=
github.com/cosiner/argv v0.0.1 h1:2iAFN+sWPktbZ4tvxm33Ei8VY66FPCxdOxpncUGpAXE=
github.com/cosiner/argv v0.0.1/go.mod h1:p/NrK5tF6ICIly4qwEDsf6VDirFiWWz0FenfYBwJaKQ=
github.com/davecgh/go-spew v1.1.1/go.mod h1:J7Y8YcW2NihsgmVo/mv3lAwl/skON4iLHjSsI+c5H38=
github.com/davidrjenni/reftools v0.0.0-20180914123528-654d0ba4f96d h1:aRvyac5PN1NEfcANJ1tfs8GMs5I9OXsVeg0FJkpXOys=
github.com/davidrjenni/reftools v0.0.0-20180914123528-654d0ba4f96d/go.mod h1:8o/GRMvsb9VyFbSEZGXfa0dkSXml4G23W0D/h9FksWM=
github.com/derekparker/delve v1.1.0 h1:icd65nMp7s2HiLz6y/6RCVXBdoED3xxYLwX09EMaRCc=
github.com/derekparker/delve v1.1.0/go.mod h1:pMSZMfp0Nhbm8qdZJkuE/yPGOkLpGXLS1I4poXQpuJU=
github.com/dominikh/go-tools v0.0.0-20180920025451-e3ad64cb4ed3 h1:HmVtCkR7iRuVVNSejNsjOSy9ty0s38FySGZyWYd+mUs=
github.com/dominikh/go-tools v0.0.0-20180920025451-e3ad64cb4ed3/go.mod h1:qBNLV2EQXN9hMDGPA+nlUNDKcPCtmEvCC8iVgA6uBic=
github.com/fatih/camelcase v1.0.0 h1:hxNvNX/xYBp0ovncs8WyWZrOrpBNub/JfaMvbURyft8=
github.com/fatih/camelcase v1.0.0/go.mod h1:yN2Sb0lFhZJUdVvtELVWefmrXpuZESvPmqwoZc+/fpc=
github.com/fatih/gomodifytags v0.0.0-20180914191908-141225bf62b6 h1:iXJdM8Uob6EPOG/PFr5q0J124ysiZdJfACHqICBb3b8=
github.com/fatih/gomodifytags v0.0.0-20180914191908-141225bf62b6/go.mod h1:p2/x7bnOQsbq/deXsDIlj2yLiKFGPkD2nuoYqwn8R4Y=
github.com/fatih/motion v0.0.0-20180408211639-218875ebe238 h1:Qo4RxRMFag+fvDqQ6A3MblYBormptQUZ1ssOtV+EeQ8=
github.com/fatih/motion v0.0.0-20180408211639-218875ebe238/go.mod h1:pseIrV+t9A4+po+KJ1LheSnYH8m1qs6WhKx2zFiGi9I=
github.com/fatih/structtag v1.0.0 h1:pTHj65+u3RKWYPSGaU290FpI/dXxTaHdVwVwbcPKmEc=
github.com/fatih/structtag v1.0.0/go.mod h1:IKitwq45uXL/yqi5mYghiD3w9H6eTOvI9vnk8tXMphA=
github.com/fsnotify/fsnotify v1.4.7 h1:IXs+QLmnXW2CcXuY+8Mzv/fWEsPGWxqefPtCP5CnV9I=
github.com/fsnotify/fsnotify v1.4.7/go.mod h1:jwhsz4b93w/PPRr/qN1Yymfu8t87LnFCMoQvtojpjFo=
github.com/go-gl/gl v0.0.0-20180407155706-68e253793080 h1:pNxZva3052YM+z2p1aP08FgaTE2NzrRJZ5BHJCmKLzE=
github.com/go-gl/gl v0.0.0-20180407155706-68e253793080/go.mod h1:482civXOzJJCPzJ4ZOX/pwvXBWSnzD4OKMdH4ClKGbk=
github.com/go-gl/glfw v0.0.0-20180426074136-46a8d530c326 h1:QqWaXlVeUGwSH7hO8giZP2Y06Qjl1LWR+FWC22YQsU8=
github.com/go-gl/glfw v0.0.0-20180426074136-46a8d530c326/go.mod h1:vR7hzQXu2zJy9AVAgeJqvqgH9Q5CA+iKCZ2gyEVpxRU=
github.com/golang/lint v0.0.0-20181217174547-8f45f776aaf1 h1:6DVPu65tee05kY0/rciBQ47ue+AnuY8KTayV6VHikIo=
github.com/golang/lint v0.0.0-20181217174547-8f45f776aaf1/go.mod h1:tluoj9z5200jBnyusfRPU2LqT6J+DAorxEvtC7LHB+E=
github.com/google/shlex v0.0.0-20181106134648-c34317bd91bf h1:7+FW5aGwISbqUtkfmIpZJGRgNFg2ioYPvFaUxdqpDsg=
github.com/google/shlex v0.0.0-20181106134648-c34317bd91bf/go.mod h1:RpwtwJQFrIEPstU94h88MWPXP2ektJZ8cZ0YntAmXiE=
github.com/gopherjs/gopherjs v0.0.0-20180628210949-0892b62f0d9f h1:FDM3EtwZLyhW48YRiyqjivNlNZjAObv4xt4NnJaU+NQ=
github.com/gopherjs/gopherjs v0.0.0-20180628210949-0892b62f0d9f/go.mod h1:wJfORRmW1u3UXTncJ5qlYoELFm8eSnnEO6hX4iZ3EWY=
github.com/gopherjs/gopherjs v0.0.0-20181103185306-d547d1d9531e h1:JKmoR8x90Iww1ks85zJ1lfDGgIiMDuIptTOhJq+zKyg=
github.com/gopherjs/gopherjs v0.0.0-20181103185306-d547d1d9531e/go.mod h1:wJfORRmW1u3UXTncJ5qlYoELFm8eSnnEO6hX4iZ3EWY=
github.com/goxjs/gl v0.0.0-20171128034433-dc8f4a9a3c9c h1:naEGFd9BJuTM/1m2lP07Bl9O7O6Jqe+bUplBfAwdygg=
github.com/goxjs/gl v0.0.0-20171128034433-dc8f4a9a3c9c/go.mod h1:dy/f2gjY09hwVfIyATps4G2ai7/hLwLkc5TrPqONuXY=
github.com/josharian/impl v0.0.0-20180228163738-3d0f908298c4 h1:gmIVMdGlVf5e6Yo6+ZklxdOrvtOvyrAjJyXAbmOznyo=
github.com/josharian/impl v0.0.0-20180228163738-3d0f908298c4/go.mod h1:t4Tr0tn92eq5ISef4cS5plFAMYAqZlAXtgUcKE6y8nw=
github.com/jstemmer/gotags v1.4.1 h1:aWIyXsU3lTDqhsEC49MP85p2cUUWr2ptvdGNqqGA3r4=
github.com/jstemmer/gotags v1.4.1/go.mod h1:b6J3X0bsLbR4C5SgSx3V3KjuWTtmRzcmWPbTkWZ49PA=
github.com/kisielk/errcheck v1.1.0 h1:ZqfnKyx9KGpRcW04j5nnPDgRgoXUeLh2YFBeFzphcA0=
github.com/kisielk/errcheck v1.1.0/go.mod h1:EZBBE59ingxPouuu3KfxchcWSUPOHkagtvWXihfKN4Q=
github.com/kisielk/gotool v1.0.0 h1:AV2c/EiW3KqPNT9ZKl07ehoAGi4C5/01Cfbblndcapg=
github.com/kisielk/gotool v1.0.0/go.mod h1:XhKaO+MFFWcvkIS/tQcRk01m1F5IRFswLeQ+oQHNcck=
github.com/klauspost/asmfmt v1.2.0 h1:zwsyBYgEdabg32alMful/5pRtMTcR5C5w1LKNg9OD78=
github.com/klauspost/asmfmt v1.2.0/go.mod h1:RAoUvqkWr2rUa2I19qKMEVZQe4BVtcHGTMCUOcCU2Lg=
github.com/konsorten/go-windows-terminal-sequences v1.0.1/go.mod h1:T0+1ngSBFLxvqU3pZ+m/2kptfBszLMUkC4ZK/EgS/cQ=
github.com/mattn/go-isatty v0.0.4 h1:bnP0vzxcAdeI1zdubAl5PjU6zsERjGZb7raWodagDYs=
github.com/mattn/go-isatty v0.0.4/go.mod h1:M+lRXTBqGeGNdLjl/ufCoiOlB5xdOkqRJdNxMWT7Zi4=
github.com/mattn/go-runewidth v0.0.3 h1:a+kO+98RDGEfo6asOGMmpodZq4FNtnGP54yps8BzLR4=
github.com/mattn/go-runewidth v0.0.3/go.mod h1:LwmH8dsx7+W8Uxz3IHJYH5QSwggIsqBzpuz5H//U1FU=
github.com/neelance/astrewrite v0.0.0-20160511093645-99348263ae86 h1:D6paGObi5Wud7xg83MaEFyjxQB1W5bz5d0IFppr+ymk=
github.com/neelance/astrewrite v0.0.0-20160511093645-99348263ae86/go.mod h1:kHJEU3ofeGjhHklVoIGuVj85JJwZ6kWPaJwCIxgnFmo=
github.com/neelance/sourcemap v0.0.0-20151028013722-8c68805598ab h1:eFXv9Nu1lGbrNbj619aWwZfVF5HBrm9Plte8aNptuTI=
github.com/neelance/sourcemap v0.0.0-20151028013722-8c68805598ab/go.mod h1:Qr6/a/Q4r9LP1IltGz7tA7iOK1WonHEYhu1HRBA7ZiM=
github.com/nicksnyder/go-i18n v1.10.0 h1:5AzlPKvXBH4qBzmZ09Ua9Gipyruv6uApMcrNZdo96+Q=
github.com/nicksnyder/go-i18n v1.10.0/go.mod h1:HrK7VCrbOvQoUAQ7Vpy7i87N7JZZZ7R2xBGjv0j365Q=
github.com/nsf/gocode v0.0.0-20181120081338-6cac7c69a41e h1:ihaECqr05sBOt6hJAEIHzbE2RF47BK34Z0LbQnxDiYw=
github.com/nsf/gocode v0.0.0-20181120081338-6cac7c69a41e/go.mod h1:6Q8/OMaaKAgTX7/jt2bOXVDrm1eJhoNd+iwzghR7jvs=
github.com/oskca/gopherjs-canvas v0.0.0-20180117053031-a5c176020cfd h1:yrO7nYWDeX9i0H8uIyRpY26w7eMHpZV+g20adWKxotM=
github.com/oskca/gopherjs-canvas v0.0.0-20180117053031-a5c176020cfd/go.mod h1:/Z5vc38L6AIkCEBy1NufRPAqWm5mptT7ATJnLFopmLM=
github.com/oskca/gopherjs-dom v0.0.0-20170212055251-32ec7beb35cf h1:vaMnm/gjcPLBHugoHDZjqHN+9hUG12oFrAZHVmozAa8=
github.com/oskca/gopherjs-dom v0.0.0-20170212055251-32ec7beb35cf/go.mod h1:tJQa4JiYNw9r34G20HNtmGz/ZAMOiBdnA0RA+IlfAOQ=
github.com/pelletier/go-toml v1.2.0 h1:T5zMGML61Wp+FlcbWjRDT7yAxhJNAiPPLOFECq181zc=
github.com/pelletier/go-toml v1.2.0/go.mod h1:5z9KED0ma1S8pY6P1sdut58dfprrGBbd/94hg7ilaic=
github.com/peterh/liner v1.1.0 h1:f+aAedNJA6uk7+6rXsYBnhdo4Xux7ESLe+kcuVUF5os=
github.com/peterh/liner v1.1.0/go.mod h1:CRroGNssyjTd/qIG2FyxByd2S8JEAZXBl4qUrZf8GS0=
github.com/pmezard/go-difflib v1.0.0/go.mod h1:iKH77koFhYxTK1pcRnkKkqfTogsbg7gZNVY4sRDYZ/4=
github.com/rogpeppe/godef v1.1.1 h1:NujOtt9q9vIClRTB3sCZpavac+NMRaIayzrcz1h4fSE=
github.com/rogpeppe/godef v1.1.1/go.mod h1:oEo1eMy1VUEHUzUIX4F7IqvMJRiz9UId44mvnR8oPlQ=
github.com/shibukawa/nanovgo v0.0.0-20160822101109-9141d09b3652 h1:7ORiLBcdIPEjwwbbjUpYIvy3Z6syqAhnfY/3m5DSs5M=
github.com/shibukawa/nanovgo v0.0.0-20160822101109-9141d09b3652/go.mod h1:A/HWQKoHKEbx5r+LI6Lns9g6vSROSGw59APgU2Zr+Cc=
github.com/shurcooL/httpfs v0.0.0-20181222201310-74dc9339e414 h1:IYVb70m/qpJGjyZV2S4qbdSDnsMl+w9nsQ2iQedf1HI=
github.com/shurcooL/httpfs v0.0.0-20181222201310-74dc9339e414/go.mod h1:ZY1cvUeJuFPAdZ/B6v7RHavJWZn2YPVFQ1OSXhCGOkg=
github.com/sirupsen/logrus v1.2.0 h1:juTguoYk5qI21pwyTXY3B3Y5cOTH3ZUyZCg1v/mihuo=
github.com/sirupsen/logrus v1.2.0/go.mod h1:LxeOpSwHxABJmUn/MG1IvRgCAasNZTLOkJPxbbu5VWo=
github.com/spf13/cobra v0.0.3 h1:ZlrZ4XsMRm04Fr5pSFxBgfND2EBVa1nLpiy1stUsX/8=
github.com/spf13/cobra v0.0.3/go.mod h1:1l0Ry5zgKvJasoi3XT1TypsSe7PqH0Sj9dhYf7v3XqQ=
github.com/spf13/pflag v1.0.3 h1:zPAT6CGy6wXeQ7NtTnaTerfKOsV6V6F8agHXFiazDkg=
github.com/spf13/pflag v1.0.3/go.mod h1:DYY7MBk1bdzusC3SYhjObp+wFpr4gzcvqqNjLnInEg4=
github.com/stretchr/objx v0.1.1/go.mod h1:HFkY916IF+rwdDfMAkV7OtwuqBVzrE8GR6GFx+wExME=
github.com/stretchr/testify v1.2.2/go.mod h1:a8OnRcib4nhh0OaRAV+Yts87kKdq0PP7pXfy6kDkUVs=
github.com/waybeams/assert v0.0.0-20180524235248-56c0f6379cf9 h1:dBdOLYb8C4ONbl2pulbZiH29bwUHwdA5MGM3SGh6ePs=
github.com/waybeams/assert v0.0.0-20180524235248-56c0f6379cf9/go.mod h1:RqyjqSqgkgGICKrX14ByoZl7YKQg3wfNf3SgBSfjbZo=
github.com/zmb3/gogetdoc v0.0.0-20181208215853-c5ca8f4d4936 h1:+We2eeE8UuACEPcT7Ez1/yK0MN6SAqzy6S2JPxJTycQ=
github.com/zmb3/gogetdoc v0.0.0-20181208215853-c5ca8f4d4936/go.mod h1:ofmGw6LrMypycsiWcyug6516EXpIxSbZ+uI9ppGypfY=
golang.org/x/arch v0.0.0-20181203225421-5a4828bb7045 h1:Pn8fQdvx+z1avAi7fdM2kRYWQNxGlavNDSyzrQg2SsU=
golang.org/x/arch v0.0.0-20181203225421-5a4828bb7045/go.mod h1:cYlCBUl1MsqxdiKgmc4uh7TxZfWSFLOGSRR090WDxt8=
golang.org/x/crypto v0.0.0-20180904163835-0709b304e793/go.mod h1:6SG95UA2DQfeDnfUPMdvaQW0Q7yPrPDi9nlGo2tz2b4=
golang.org/x/crypto v0.0.0-20181203042331-505ab145d0a9 h1:mKdxBk7AujPs8kU4m80U72y/zjbZ3UcXC7dClwKbUI0=
golang.org/x/crypto v0.0.0-20181203042331-505ab145d0a9/go.mod h1:6SG95UA2DQfeDnfUPMdvaQW0Q7yPrPDi9nlGo2tz2b4=
golang.org/x/lint v0.0.0-20181217174547-8f45f776aaf1 h1:rJm0LuqUjoDhSk2zO9ISMSToQxGz7Os2jRiOL8AWu4c=
golang.org/x/lint v0.0.0-20181217174547-8f45f776aaf1/go.mod h1:UVdnD1Gm6xHRNCYTkRU2/jEulfH38KcIWyp/GAMgvoE=
golang.org/x/sys v0.0.0-20180905080454-ebe1bf3edb33/go.mod h1:STP8DvDyc/dI5b8T5hshtkjS+E42TnysNCUPdjciGhY=
golang.org/x/sys v0.0.0-20181221143128-b4a75ba826a6 h1:IcgEB62HYgAhX0Nd/QrVgZlxlcyxbGQHElLUhW2X4Fo=
golang.org/x/sys v0.0.0-20181221143128-b4a75ba826a6/go.mod h1:STP8DvDyc/dI5b8T5hshtkjS+E42TnysNCUPdjciGhY=
golang.org/x/tools v0.0.0-20180221164845-07fd8470d635/go.mod h1:n7NCudcB/nEzxVGmLbDWY5pfWTLqBcC2KZ6jyYvM4mQ=
golang.org/x/tools v0.0.0-20180824175216-6c1c5e93cdc1/go.mod h1:n7NCudcB/nEzxVGmLbDWY5pfWTLqBcC2KZ6jyYvM4mQ=
golang.org/x/tools v0.0.0-20181130195746-895048a75ecf/go.mod h1:n7NCudcB/nEzxVGmLbDWY5pfWTLqBcC2KZ6jyYvM4mQ=
golang.org/x/tools v0.0.0-20181207195948-8634b1ecd393/go.mod h1:n7NCudcB/nEzxVGmLbDWY5pfWTLqBcC2KZ6jyYvM4mQ=
golang.org/x/tools v0.0.0-20181221235234-d00ac6d27372 h1:zWPUEY/PjVHT+zO3L8OfkjrtIjf55joTxn/RQP/AjOI=
golang.org/x/tools v0.0.0-20181221235234-d00ac6d27372/go.mod h1:n7NCudcB/nEzxVGmLbDWY5pfWTLqBcC2KZ6jyYvM4mQ=
gopkg.in/alecthomas/kingpin.v3-unstable v3.0.0-20180810215634-df19058c872c h1:vTxShRUnK60yd8DZU+f95p1zSLj814+5CuEh7NjF2/Y=
gopkg.in/alecthomas/kingpin.v3-unstable v3.0.0-20180810215634-df19058c872c/go.mod h1:3HH7i1SgMqlzxCcBmUHW657sD4Kvv9sC3HpL3YukzwA=
gopkg.in/check.v1 v0.0.0-20161208181325-20d25e280405/go.mod h1:Co6ibVJAznAaIkqp8huTwlJQCZ016jof/cbN4VW5Yz0=
gopkg.in/yaml.v2 v2.2.2 h1:ZCJp+EgiOT7lHqUV2J862kp8Qj64Jo6az82+3Td9dZw=
gopkg.in/yaml.v2 v2.2.2/go.mod h1:hI93XBmqTisBFMUTm0b8Fm+jr3Dg1NNxqwp+5A1VGuI=
honnef.co/go/js/console v0.0.0-20150119023344-105276c43558 h1:h/U4Bu3p/OB5OvK6+7cXA1oleuDeFzZOTHuwZjMT36A=
honnef.co/go/js/console v0.0.0-20150119023344-105276c43558/go.mod h1:K5NtVTubnQQDVBcHCysv3MwAde+idPmWBeXxpHczwcU=
honnef.co/go/tools v0.0.0-20180920025451-e3ad64cb4ed3 h1:LyX67rVB0kBUFoROrQfzKwdrYLH1cRzHibxdJW85J1c=
honnef.co/go/tools v0.0.0-20180920025451-e3ad64cb4ed3/go.mod h1:rf3lG4BRIbNafJWhAfAdb/ePZxsR/4RtNHQocxwk9r4=
